
Microsoft Visual Studio Solution File, Format Version 12.00
# Visual Studio Version 17
VisualStudioVersion = 17.10.35122.118
MinimumVisualStudioVersion = 10.0.40219.1
Project("{FAE04EC0-301F-11D3-BF4B-00C04F79EFBC}") = "DriveX_Backend", "DriveX_Backend.csproj", "{61B6A13E-4B56-435F-86F6-40E58AE5040C}"
EndProject
Global
	GlobalSection(SolutionConfigurationPlatforms) = preSolution
		Debug|Any CPU = Debug|Any CPU
		Release|Any CPU = Release|Any CPU
	EndGlobalSection
	GlobalSection(ProjectConfigurationPlatforms) = postSolution
		{61B6A13E-4B56-435F-86F6-40E58AE5040C}.Debug|Any CPU.ActiveCfg = Debug|Any CPU
		{61B6A13E-4B56-435F-86F6-40E58AE5040C}.Debug|Any CPU.Build.0 = Debug|Any CPU
		{61B6A13E-4B56-435F-86F6-40E58AE5040C}.Release|Any CPU.ActiveCfg = Release|Any CPU
		{61B6A13E-4B56-435F-86F6-40E58AE5040C}.Release|Any CPU.Build.0 = Release|Any CPU
	EndGlobalSection
	GlobalSection(SolutionProperties) = preSolution
		HideSolutionNode = FALSE
	EndGlobalSection
	GlobalSection(ExtensibilityGlobals) = postSolution
		SolutionGuid = {20D8A266-C086-46CE-8205-959FAC747AC3}
	EndGlobalSection
EndGlobal
